
Microsoft Visual Studio Solution File, Format Version 12.00
# Visual Studio Version 16
VisualStudioVersion = 16.0.32002.261
MinimumVisualStudioVersion = 10.0.40219.1
Project("{9A19103F-16F7-4668-BE54-9A1E7A4F7556}") = "TestEmguCV", "TestEmguCV.csproj", "{9C7F2506-37BF-47D0-B52F-E642A562AE4E}"
EndProject
Project("{FAE04EC0-301F-11D3-BF4B-00C04F79EFBC}") = "DetectColorBall", "..\DetectColorBall\DetectColorBall.csproj", "{B27C2B19-1CB8-4709-83EE-3E86AA69C4D5}"
EndProject
Global
	GlobalSection(SolutionConfigurationPlatforms) = preSolution
		Debug|Any CPU = Debug|Any CPU
		Release|Any CPU = Release|Any CPU
	EndGlobalSection
	GlobalSection(ProjectConfigurationPlatforms) = postSolution
		{9C7F2506-37BF-47D0-B52F-E642A562AE4E}.Debug|Any CPU.ActiveCfg = Debug|Any CPU
		{9C7F2506-37BF-47D0-B52F-E642A562AE4E}.Debug|Any CPU.Build.0 = Debug|Any CPU
		{9C7F2506-37BF-47D0-B52F-E642A562AE4E}.Release|Any CPU.ActiveCfg = Release|Any CPU
		{9C7F2506-37BF-47D0-B52F-E642A562AE4E}.Release|Any CPU.Build.0 = Release|Any CPU
		{B27C2B19-1CB8-4709-83EE-3E86AA69C4D5}.Debug|Any CPU.ActiveCfg = Debug|Any CPU
		{B27C2B19-1CB8-4709-83EE-3E86AA69C4D5}.Debug|Any CPU.Build.0 = Debug|Any CPU
		{B27C2B19-1CB8-4709-83EE-3E86AA69C4D5}.Release|Any CPU.ActiveCfg = Release|Any CPU
		{B27C2B19-1CB8-4709-83EE-3E86AA69C4D5}.Release|Any CPU.Build.0 = Release|Any CPU
	EndGlobalSection
	GlobalSection(SolutionProperties) = preSolution
		HideSolutionNode = FALSE
	EndGlobalSection
	GlobalSection(ExtensibilityGlobals) = postSolution
		SolutionGuid = {D2790006-8712-421C-9205-28655F61D325}
	EndGlobalSection
EndGlobal
